{
  "name": "astypescript",
  "version": "1.0.0",
  "lockfileVersion": 2,
  "requires": true,
  "packages": {
    "": {
      "name": "astypescript",
      "version": "1.0.0",
      "license": "ISC",
      "dependencies": {
        "@tsconfig/node12": "^1.0.8"
      }
    },
    "node_modules/@tsconfig/node12": {
      "version": "1.0.8",
      "resolved": "https://registry.npmjs.org/@tsconfig/node12/-/node12-1.0.8.tgz",
      "integrity": "sha512-LM6XwBhjZRls1qJGpiM/It09SntEwe9M0riXRfQ9s6XlJQG0JPGl92ET18LtGeYh/GuOtafIXqwZeqLOd0FNFQ=="
    }
  },
  "dependencies": {
    "@tsconfig/node12": {
      "version": "1.0.8",
      "resolved": "https://registry.npmjs.org/@tsconfig/node12/-/node12-1.0.8.tgz",
      "integrity": "sha512-LM6XwBhjZRls1qJGpiM/It09SntEwe9M0riXRfQ9s6XlJQG0JPGl92ET18LtGeYh/GuOtafIXqwZeqLOd0FNFQ=="
    }
  }
}
